# THIS IS AN AUTOGENERATED FILE. DO NOT EDIT THIS FILE DIRECTLY.
# yarn lockfile v1


"@remix-run/router@1.6.1":
  version "1.6.1"
  resolved "https://registry.yarnpkg.com/@remix-run/router/-/router-1.6.1.tgz#3a3a408481a3796f45223a549c2571517bc8af2d"
  integrity sha512-YUkWj+xs0oOzBe74OgErsuR3wVn+efrFhXBWrit50kOiED+pvQe2r6MWY0iJMQU/mSVKxvNzL4ZaYvjdX+G7ZA==

react-router-dom@^6.11.1:
  version "6.11.1"
  resolved "https://registry.yarnpkg.com/react-router-dom/-/react-router-dom-6.11.1.tgz#af226bae950deb437208a606a47cf5c2d72c55dc"
  integrity sha512-dPC2MhoPeTQ1YUOt5uIK376SMNWbwUxYRWk2ZmTT4fZfwlOvabF8uduRKKJIyfkCZvMgiF0GSCQckmkGGijIrg==
  dependencies:
    "@remix-run/router" "1.6.1"
    react-router "6.11.1"

react-router@6.11.1:
  version "6.11.1"
  resolved "https://registry.yarnpkg.com/react-router/-/react-router-6.11.1.tgz#6e58458c03e16834dda2b433c6adb9e7c2b1d7a8"
  integrity sha512-OZINSdjJ2WgvAi7hgNLazrEV8SGn6xrKA+MkJe9wVDMZ3zQ6fdJocUjpCUCI0cNrelWjcvon0S/QK/j0NzL3KA==
  dependencies:
    "@remix-run/router" "1.6.1"
